
Microsoft Visual Studio Solution File, Format Version 12.00
# Visual Studio 2013
VisualStudioVersion = 12.0.30324.0
MinimumVisualStudioVersion = 10.0.40219.1
Project("{FAE04EC0-301F-11D3-BF4B-00C04F79EFBC}") = "SharpDrift", "SharpDrift\SharpDrift.csproj", "{7FA87682-393A-4EA2-A312-39D0F7BB729E}"
EndProject
Global
	GlobalSection(SolutionConfigurationPlatforms) = preSolution
		Debug|Any CPU = Debug|Any CPU
		Release|Any CPU = Release|Any CPU
	EndGlobalSection
	GlobalSection(ProjectConfigurationPlatforms) = postSolution
		{7FA87682-393A-4EA2-A312-39D0F7BB729E}.Debug|Any CPU.ActiveCfg = Debug|Any CPU
		{7FA87682-393A-4EA2-A312-39D0F7BB729E}.Debug|Any CPU.Build.0 = Debug|Any CPU
		{7FA87682-393A-4EA2-A312-39D0F7BB729E}.Release|Any CPU.ActiveCfg = Release|Any CPU
		{7FA87682-393A-4EA2-A312-39D0F7BB729E}.Release|Any CPU.Build.0 = Release|Any CPU
	EndGlobalSection
	GlobalSection(SolutionProperties) = preSolution
		HideSolutionNode = FALSE
	EndGlobalSection
EndGlobal
